
Microsoft Visual Studio Solution File, Format Version 12.00
# Visual Studio 14
VisualStudioVersion = 14.0.24720.0
MinimumVisualStudioVersion = 10.0.40219.1
Project("{FAE04EC0-301F-11D3-BF4B-00C04F79EFBC}") = "WastedgeQuerier", "WastedgeQuerier\WastedgeQuerier.csproj", "{97C2349D-EB63-40F8-8B33-AEF4D50B52E7}"
EndProject
Project("{FAE04EC0-301F-11D3-BF4B-00C04F79EFBC}") = "Jint", "JintDebugger\Jint\Jint\Jint.csproj", "{678738DA-F723-4920-B9E5-CAD667104BDA}"
EndProject
Project("{FAE04EC0-301F-11D3-BF4B-00C04F79EFBC}") = "JintDebugger", "JintDebugger\JintDebugger\JintDebugger.csproj", "{39728704-0A80-44CC-AE2C-8365B2EFA1EA}"
EndProject
Project("{FAE04EC0-301F-11D3-BF4B-00C04F79EFBC}") = "WastedgeApi", "..\WastedgeApi\WastedgeApi\WastedgeApi.csproj", "{C6BD0C13-2385-48CC-A649-7AB79A14F8F2}"
EndProject
Global
	GlobalSection(SolutionConfigurationPlatforms) = preSolution
		Debug|Any CPU = Debug|Any CPU
		Release|Any CPU = Release|Any CPU
	EndGlobalSection
	GlobalSection(ProjectConfigurationPlatforms) = postSolution
		{97C2349D-EB63-40F8-8B33-AEF4D50B52E7}.Debug|Any CPU.ActiveCfg = Debug|Any CPU
		{97C2349D-EB63-40F8-8B33-AEF4D50B52E7}.Debug|Any CPU.Build.0 = Debug|Any CPU
		{97C2349D-EB63-40F8-8B33-AEF4D50B52E7}.Release|Any CPU.ActiveCfg = Release|Any CPU
		{97C2349D-EB63-40F8-8B33-AEF4D50B52E7}.Release|Any CPU.Build.0 = Release|Any CPU
		{678738DA-F723-4920-B9E5-CAD667104BDA}.Debug|Any CPU.ActiveCfg = Debug|Any CPU
		{678738DA-F723-4920-B9E5-CAD667104BDA}.Debug|Any CPU.Build.0 = Debug|Any CPU
		{678738DA-F723-4920-B9E5-CAD667104BDA}.Release|Any CPU.ActiveCfg = Release|Any CPU
		{678738DA-F723-4920-B9E5-CAD667104BDA}.Release|Any CPU.Build.0 = Release|Any CPU
		{39728704-0A80-44CC-AE2C-8365B2EFA1EA}.Debug|Any CPU.ActiveCfg = Debug|Any CPU
		{39728704-0A80-44CC-AE2C-8365B2EFA1EA}.Debug|Any CPU.Build.0 = Debug|Any CPU
		{39728704-0A80-44CC-AE2C-8365B2EFA1EA}.Release|Any CPU.ActiveCfg = Release|Any CPU
		{39728704-0A80-44CC-AE2C-8365B2EFA1EA}.Release|Any CPU.Build.0 = Release|Any CPU
		{C6BD0C13-2385-48CC-A649-7AB79A14F8F2}.Debug|Any CPU.ActiveCfg = Debug|Any CPU
		{C6BD0C13-2385-48CC-A649-7AB79A14F8F2}.Debug|Any CPU.Build.0 = Debug|Any CPU
		{C6BD0C13-2385-48CC-A649-7AB79A14F8F2}.Release|Any CPU.ActiveCfg = Release|Any CPU
		{C6BD0C13-2385-48CC-A649-7AB79A14F8F2}.Release|Any CPU.Build.0 = Release|Any CPU
	EndGlobalSection
	GlobalSection(SolutionProperties) = preSolution
		HideSolutionNode = FALSE
	EndGlobalSection
EndGlobal
